
Microsoft Visual Studio Solution File, Format Version 12.00
# Visual Studio Version 17
VisualStudioVersion = 17.7.34024.191
MinimumVisualStudioVersion = 10.0.40219.1
Project("{FAE04EC0-301F-11D3-BF4B-00C04F79EFBC}") = "GoogleSignUpAutomation", "GoogleSignUpAutomation\GoogleSignUpAutomation.csproj", "{377B6C3B-94D2-4B19-B0C5-DDAEF0A85FAB}"
EndProject
Global
	GlobalSection(SolutionConfigurationPlatforms) = preSolution
		Debug|Any CPU = Debug|Any CPU
		Release|Any CPU = Release|Any CPU
	EndGlobalSection
	GlobalSection(ProjectConfigurationPlatforms) = postSolution
		{377B6C3B-94D2-4B19-B0C5-DDAEF0A85FAB}.Debug|Any CPU.ActiveCfg = Debug|Any CPU
		{377B6C3B-94D2-4B19-B0C5-DDAEF0A85FAB}.Debug|Any CPU.Build.0 = Debug|Any CPU
		{377B6C3B-94D2-4B19-B0C5-DDAEF0A85FAB}.Release|Any CPU.ActiveCfg = Release|Any CPU
		{377B6C3B-94D2-4B19-B0C5-DDAEF0A85FAB}.Release|Any CPU.Build.0 = Release|Any CPU
	EndGlobalSection
	GlobalSection(SolutionProperties) = preSolution
		HideSolutionNode = FALSE
	EndGlobalSection
	GlobalSection(ExtensibilityGlobals) = postSolution
		SolutionGuid = {00F6D675-F8EF-418C-81B9-580B42A472D1}
	EndGlobalSection
EndGlobal
